
Microsoft Visual Studio Solution File, Format Version 12.00
# Visual Studio 15
VisualStudioVersion = 15.0.27428.2043
MinimumVisualStudioVersion = 10.0.40219.1
Project("{FAE04EC0-301F-11D3-BF4B-00C04F79EFBC}") = "Dynu.API", "DynuDNS\Dynu.API.csproj", "{54A3802F-4500-4DDC-9D2D-01185288D8B1}"
EndProject
Project("{FAE04EC0-301F-11D3-BF4B-00C04F79EFBC}") = "Dynu.API.Test", "Dynu.API.Test\Dynu.API.Test.csproj", "{C007CF8E-0732-4A67-BDA0-17F41E51E4E1}"
EndProject
Global
	GlobalSection(SolutionConfigurationPlatforms) = preSolution
		Debug|Any CPU = Debug|Any CPU
		Release|Any CPU = Release|Any CPU
	EndGlobalSection
	GlobalSection(ProjectConfigurationPlatforms) = postSolution
		{54A3802F-4500-4DDC-9D2D-01185288D8B1}.Debug|Any CPU.ActiveCfg = Debug|Any CPU
		{54A3802F-4500-4DDC-9D2D-01185288D8B1}.Debug|Any CPU.Build.0 = Debug|Any CPU
		{54A3802F-4500-4DDC-9D2D-01185288D8B1}.Release|Any CPU.ActiveCfg = Release|Any CPU
		{54A3802F-4500-4DDC-9D2D-01185288D8B1}.Release|Any CPU.Build.0 = Release|Any CPU
		{C007CF8E-0732-4A67-BDA0-17F41E51E4E1}.Debug|Any CPU.ActiveCfg = Debug|Any CPU
		{C007CF8E-0732-4A67-BDA0-17F41E51E4E1}.Debug|Any CPU.Build.0 = Debug|Any CPU
		{C007CF8E-0732-4A67-BDA0-17F41E51E4E1}.Release|Any CPU.ActiveCfg = Release|Any CPU
		{C007CF8E-0732-4A67-BDA0-17F41E51E4E1}.Release|Any CPU.Build.0 = Release|Any CPU
	EndGlobalSection
	GlobalSection(SolutionProperties) = preSolution
		HideSolutionNode = FALSE
	EndGlobalSection
	GlobalSection(ExtensibilityGlobals) = postSolution
		SolutionGuid = {471843DD-E7AB-4556-B723-0A4C7E279B32}
	EndGlobalSection
EndGlobal
